// !$*UTF8*$!
{
	archiveVersion = 1;
	classes = {
	};
	objectVersion = 56;
	objects = {

/* Begin PBXBuildFile section */
		168B929C2997B65C00FC4748 /* TimerView.swift in Sources */ = {isa = PBXBuildFile; fileRef = 168B929B2997B65C00FC4748 /* TimerView.swift */; };
		2C472EC62994336100A05091 /* LoseScreenViewController.swift in Sources */ = {isa = PBXBuildFile; fileRef = 2C472EC52994336100A05091 /* LoseScreenViewController.swift */; };
		3784E83B299195E8004F8235 /* Rules.swift in Sources */ = {isa = PBXBuildFile; fileRef = 3784E83A299195E8004F8235 /* Rules.swift */; };
		3784E83D2992EFCD004F8235 /* WinModel.swift in Sources */ = {isa = PBXBuildFile; fileRef = 3784E83C2992EFCD004F8235 /* WinModel.swift */; };
		3784E83F2992FAE4004F8235 /* Theme.swift in Sources */ = {isa = PBXBuildFile; fileRef = 3784E83E2992FAE4004F8235 /* Theme.swift */; };
		3784E8412992FEEE004F8235 /* PlayerAnswer.swift in Sources */ = {isa = PBXBuildFile; fileRef = 3784E8402992FEEE004F8235 /* PlayerAnswer.swift */; };
		37BF94AC2996E4E0008AC727 /* MusicModel.swift in Sources */ = {isa = PBXBuildFile; fileRef = 37BF94AB2996E4E0008AC727 /* MusicModel.swift */; };
		37BF94AE2996E6BA008AC727 /* 50-50.mp3 in Resources */ = {isa = PBXBuildFile; fileRef = 37BF94AD2996E6BA008AC727 /* 50-50.mp3 */; };
		37BF94B02996E6F4008AC727 /* Rules Music.mp3 in Resources */ = {isa = PBXBuildFile; fileRef = 37BF94AF2996E6F4008AC727 /* Rules Music.mp3 */; };
		37BF94B22996E70A008AC727 /* Hint Chosen.mp3 in Resources */ = {isa = PBXBuildFile; fileRef = 37BF94B12996E70A008AC727 /* Hint Chosen.mp3 */; };
		37BF94B42996E73F008AC727 /* Button Push.mp3 in Resources */ = {isa = PBXBuildFile; fileRef = 37BF94B32996E73F008AC727 /* Button Push.mp3 */; };
		37BF94B62996E74B008AC727 /* StartSound.mp3 in Resources */ = {isa = PBXBuildFile; fileRef = 37BF94B52996E74B008AC727 /* StartSound.mp3 */; };
		37BF94B82996F2A7008AC727 /* timingAfter.mp3 in Resources */ = {isa = PBXBuildFile; fileRef = 37BF94B72996F2A7008AC727 /* timingAfter.mp3 */; };
		37DFF9A7298F1858005BA055 /* AppDelegate.swift in Sources */ = {isa = PBXBuildFile; fileRef = 37DFF9A6298F1858005BA055 /* AppDelegate.swift */; };
		37DFF9A9298F1858005BA055 /* SceneDelegate.swift in Sources */ = {isa = PBXBuildFile; fileRef = 37DFF9A8298F1858005BA055 /* SceneDelegate.swift */; };
		37DFF9AB298F1858005BA055 /* StartViewController.swift in Sources */ = {isa = PBXBuildFile; fileRef = 37DFF9AA298F1858005BA055 /* StartViewController.swift */; };
		37DFF9B3298F1859005BA055 /* LaunchScreen.storyboard in Resources */ = {isa = PBXBuildFile; fileRef = 37DFF9B1298F1859005BA055 /* LaunchScreen.storyboard */; };
		5402AC792997B23500FCE9A3 /* UsedPrompts.swift in Sources */ = {isa = PBXBuildFile; fileRef = 5402AC782997B23500FCE9A3 /* UsedPrompts.swift */; };
		5402AC7C2997D78700FCE9A3 /* ResultViewController.swift in Sources */ = {isa = PBXBuildFile; fileRef = 5402AC7B2997D78700FCE9A3 /* ResultViewController.swift */; };
		5402AC802997E92300FCE9A3 /* ResultModel.swift in Sources */ = {isa = PBXBuildFile; fileRef = 5402AC7F2997E92300FCE9A3 /* ResultModel.swift */; };
		5402AC822997F73100FCE9A3 /* LoseViewModel.swift in Sources */ = {isa = PBXBuildFile; fileRef = 5402AC812997F73100FCE9A3 /* LoseViewModel.swift */; };
		5402AC84299823D100FCE9A3 /* LogicMeneger.swift in Sources */ = {isa = PBXBuildFile; fileRef = 5402AC83299823D100FCE9A3 /* LogicMeneger.swift */; };
		540FDB7E2998EF5D00CEBFB1 /* Assets.xcassets in Resources */ = {isa = PBXBuildFile; fileRef = 540FDB7D2998EF5C00CEBFB1 /* Assets.xcassets */; };
		542BA8212994EDDF0017C36A /* MainGameBrain.swift in Sources */ = {isa = PBXBuildFile; fileRef = 542BA8202994EDDF0017C36A /* MainGameBrain.swift */; };
		542BA8232994EDEB0017C36A /* HallHelpModel.swift in Sources */ = {isa = PBXBuildFile; fileRef = 542BA8222994EDEB0017C36A /* HallHelpModel.swift */; };
		542BA8252994EE000017C36A /* QuestionMulti.swift in Sources */ = {isa = PBXBuildFile; fileRef = 542BA8242994EE000017C36A /* QuestionMulti.swift */; };
		542BA8272994EEFE0017C36A /* MainGameViewController.swift in Sources */ = {isa = PBXBuildFile; fileRef = 542BA8262994EEFE0017C36A /* MainGameViewController.swift */; };
		542BA8292994F1910017C36A /* HallHelpViewController.swift in Sources */ = {isa = PBXBuildFile; fileRef = 542BA8282994F1910017C36A /* HallHelpViewController.swift */; };
		542BA82B2995010E0017C36A /* RegistrationViewController.swift in Sources */ = {isa = PBXBuildFile; fileRef = 542BA82A2995010E0017C36A /* RegistrationViewController.swift */; };
		542BA82F2995069D0017C36A /* UserStruct.swift in Sources */ = {isa = PBXBuildFile; fileRef = 542BA82E2995069D0017C36A /* UserStruct.swift */; };
		542BA833299506DB0017C36A /* UserService.swift in Sources */ = {isa = PBXBuildFile; fileRef = 542BA832299506DB0017C36A /* UserService.swift */; };
		542BA838299507300017C36A /* KeyValueStorage.swift in Sources */ = {isa = PBXBuildFile; fileRef = 542BA837299507300017C36A /* KeyValueStorage.swift */; };
		542BA83A299507610017C36A /* SharedStorage.swift in Sources */ = {isa = PBXBuildFile; fileRef = 542BA839299507610017C36A /* SharedStorage.swift */; };
		542BA83E29952E0C0017C36A /* LoginBrain.swift in Sources */ = {isa = PBXBuildFile; fileRef = 542BA83D29952E0C0017C36A /* LoginBrain.swift */; };
		542BA84029952E2A0017C36A /* RegistrationBrain.swift in Sources */ = {isa = PBXBuildFile; fileRef = 542BA83F29952E2A0017C36A /* RegistrationBrain.swift */; };
		56C488342997D71600432046 /* ShadowModel.swift in Sources */ = {isa = PBXBuildFile; fileRef = 56C488332997D71600432046 /* ShadowModel.swift */; };
		650901682997A5E600426D9F /* WinBrain.swift in Sources */ = {isa = PBXBuildFile; fileRef = 650901672997A5E600426D9F /* WinBrain.swift */; };
		8E0C07CD29924FEB0023F20F /* rightAnswer.mp3 in Resources */ = {isa = PBXBuildFile; fileRef = 8E0C07C829924FEA0023F20F /* rightAnswer.mp3 */; };
		8E0C07CE29924FEB0023F20F /* timing.mp3 in Resources */ = {isa = PBXBuildFile; fileRef = 8E0C07C929924FEB0023F20F /* timing.mp3 */; };
		8E0C07CF29924FEB0023F20F /* acceptedAnswer.mp3 in Resources */ = {isa = PBXBuildFile; fileRef = 8E0C07CA29924FEB0023F20F /* acceptedAnswer.mp3 */; };
		8E0C07D029924FEB0023F20F /* win.mp3 in Resources */ = {isa = PBXBuildFile; fileRef = 8E0C07CB29924FEB0023F20F /* win.mp3 */; };
		8E0C07D129924FEB0023F20F /* wrongAnswer.mp3 in Resources */ = {isa = PBXBuildFile; fileRef = 8E0C07CC29924FEB0023F20F /* wrongAnswer.mp3 */; };
		8E0C07D7299291DF0023F20F /* WiningViewController.swift in Sources */ = {isa = PBXBuildFile; fileRef = 8E0C07D6299291DF0023F20F /* WiningViewController.swift */; };
		8E0C07DB2992A2570023F20F /* WiningTableViewCell.swift in Sources */ = {isa = PBXBuildFile; fileRef = 8E0C07DA2992A2570023F20F /* WiningTableViewCell.swift */; };
		8E22FDA9298FE8BE0012A0D1 /* RulesViewController.swift in Sources */ = {isa = PBXBuildFile; fileRef = 8E22FDA8298FE8BE0012A0D1 /* RulesViewController.swift */; };
		8E6486F5299495FF00FD39F4 /* LoginViewController.swift in Sources */ = {isa = PBXBuildFile; fileRef = 8E6486F4299495FF00FD39F4 /* LoginViewController.swift */; };
/* End PBXBuildFile section */

/* Begin PBXFileReference section */
		168B929B2997B65C00FC4748 /* TimerView.swift */ = {isa = PBXFileReference; lastKnownFileType = sourcecode.swift; path = TimerView.swift; sourceTree = "<group>"; };
		2C472EC52994336100A05091 /* LoseScreenViewController.swift */ = {isa = PBXFileReference; lastKnownFileType = sourcecode.swift; path = LoseScreenViewController.swift; sourceTree = "<group>"; };
		3784E83A299195E8004F8235 /* Rules.swift */ = {isa = PBXFileReference; lastKnownFileType = sourcecode.swift; path = Rules.swift; sourceTree = "<group>"; };
		3784E83C2992EFCD004F8235 /* WinModel.swift */ = {isa = PBXFileReference; lastKnownFileType = sourcecode.swift; path = WinModel.swift; sourceTree = "<group>"; };
		3784E83E2992FAE4004F8235 /* Theme.swift */ = {isa = PBXFileReference; lastKnownFileType = sourcecode.swift; path = Theme.swift; sourceTree = "<group>"; };
		3784E8402992FEEE004F8235 /* PlayerAnswer.swift */ = {isa = PBXFileReference; lastKnownFileType = sourcecode.swift; path = PlayerAnswer.swift; sourceTree = "<group>"; };
		37BF94AB2996E4E0008AC727 /* MusicModel.swift */ = {isa = PBXFileReference; lastKnownFileType = sourcecode.swift; path = MusicModel.swift; sourceTree = "<group>"; };
		37BF94AD2996E6BA008AC727 /* 50-50.mp3 */ = {isa = PBXFileReference; lastKnownFileType = audio.mp3; path = "50-50.mp3"; sourceTree = "<group>"; };
		37BF94AF2996E6F4008AC727 /* Rules Music.mp3 */ = {isa = PBXFileReference; lastKnownFileType = audio.mp3; path = "Rules Music.mp3"; sourceTree = "<group>"; };
		37BF94B12996E70A008AC727 /* Hint Chosen.mp3 */ = {isa = PBXFileReference; lastKnownFileType = audio.mp3; path = "Hint Chosen.mp3"; sourceTree = "<group>"; };
		37BF94B32996E73F008AC727 /* Button Push.mp3 */ = {isa = PBXFileReference; lastKnownFileType = audio.mp3; path = "Button Push.mp3"; sourceTree = "<group>"; };
		37BF94B52996E74B008AC727 /* StartSound.mp3 */ = {isa = PBXFileReference; lastKnownFileType = audio.mp3; path = StartSound.mp3; sourceTree = "<group>"; };
		37BF94B72996F2A7008AC727 /* timingAfter.mp3 */ = {isa = PBXFileReference; lastKnownFileType = audio.mp3; path = timingAfter.mp3; sourceTree = "<group>"; };
		37DFF9A3298F1858005BA055 /* HWTBAM.app */ = {isa = PBXFileReference; explicitFileType = wrapper.application; includeInIndex = 0; path = HWTBAM.app; sourceTree = BUILT_PRODUCTS_DIR; };
		37DFF9A6298F1858005BA055 /* AppDelegate.swift */ = {isa = PBXFileReference; lastKnownFileType = sourcecode.swift; path = AppDelegate.swift; sourceTree = "<group>"; };
		37DFF9A8298F1858005BA055 /* SceneDelegate.swift */ = {isa = PBXFileReference; lastKnownFileType = sourcecode.swift; path = SceneDelegate.swift; sourceTree = "<group>"; };
		37DFF9AA298F1858005BA055 /* StartViewController.swift */ = {isa = PBXFileReference; lastKnownFileType = sourcecode.swift; path = StartViewController.swift; sourceTree = "<group>"; };
		37DFF9B2298F1859005BA055 /* Base */ = {isa = PBXFileReference; lastKnownFileType = file.storyboard; name = Base; path = Base.lproj/LaunchScreen.storyboard; sourceTree = "<group>"; };
		37DFF9B4298F1859005BA055 /* Info.plist */ = {isa = PBXFileReference; lastKnownFileType = text.plist.xml; path = Info.plist; sourceTree = "<group>"; };
		5402AC782997B23500FCE9A3 /* UsedPrompts.swift */ = {isa = PBXFileReference; lastKnownFileType = sourcecode.swift; path = UsedPrompts.swift; sourceTree = "<group>"; };
		5402AC7B2997D78700FCE9A3 /* ResultViewController.swift */ = {isa = PBXFileReference; lastKnownFileType = sourcecode.swift; path = ResultViewController.swift; sourceTree = "<group>"; };
		5402AC7F2997E92300FCE9A3 /* ResultModel.swift */ = {isa = PBXFileReference; lastKnownFileType = sourcecode.swift; path = ResultModel.swift; sourceTree = "<group>"; };
		5402AC812997F73100FCE9A3 /* LoseViewModel.swift */ = {isa = PBXFileReference; lastKnownFileType = sourcecode.swift; path = LoseViewModel.swift; sourceTree = "<group>"; };
		5402AC83299823D100FCE9A3 /* LogicMeneger.swift */ = {isa = PBXFileReference; lastKnownFileType = sourcecode.swift; path = LogicMeneger.swift; sourceTree = "<group>"; };
		540FDB7D2998EF5C00CEBFB1 /* Assets.xcassets */ = {isa = PBXFileReference; lastKnownFileType = folder.assetcatalog; path = Assets.xcassets; sourceTree = "<group>"; };
		542BA8202994EDDF0017C36A /* MainGameBrain.swift */ = {isa = PBXFileReference; lastKnownFileType = sourcecode.swift; path = MainGameBrain.swift; sourceTree = "<group>"; };
		542BA8222994EDEB0017C36A /* HallHelpModel.swift */ = {isa = PBXFileReference; lastKnownFileType = sourcecode.swift; path = HallHelpModel.swift; sourceTree = "<group>"; };
		542BA8242994EE000017C36A /* QuestionMulti.swift */ = {isa = PBXFileReference; lastKnownFileType = sourcecode.swift; path = QuestionMulti.swift; sourceTree = "<group>"; };
		542BA8262994EEFE0017C36A /* MainGameViewController.swift */ = {isa = PBXFileReference; lastKnownFileType = sourcecode.swift; path = MainGameViewController.swift; sourceTree = "<group>"; };
		542BA8282994F1910017C36A /* HallHelpViewController.swift */ = {isa = PBXFileReference; lastKnownFileType = sourcecode.swift; path = HallHelpViewController.swift; sourceTree = "<group>"; };
		542BA82A2995010E0017C36A /* RegistrationViewController.swift */ = {isa = PBXFileReference; lastKnownFileType = sourcecode.swift; path = RegistrationViewController.swift; sourceTree = "<group>"; };
		542BA82E2995069D0017C36A /* UserStruct.swift */ = {isa = PBXFileReference; lastKnownFileType = sourcecode.swift; path = UserStruct.swift; sourceTree = "<group>"; };
		542BA832299506DB0017C36A /* UserService.swift */ = {isa = PBXFileReference; lastKnownFileType = sourcecode.swift; path = UserService.swift; sourceTree = "<group>"; };
		542BA837299507300017C36A /* KeyValueStorage.swift */ = {isa = PBXFileReference; lastKnownFileType = sourcecode.swift; path = KeyValueStorage.swift; sourceTree = "<group>"; };
		542BA839299507610017C36A /* SharedStorage.swift */ = {isa = PBXFileReference; lastKnownFileType = sourcecode.swift; path = SharedStorage.swift; sourceTree = "<group>"; };
		542BA83D29952E0C0017C36A /* LoginBrain.swift */ = {isa = PBXFileReference; lastKnownFileType = sourcecode.swift; path = LoginBrain.swift; sourceTree = "<group>"; };
		542BA83F29952E2A0017C36A /* RegistrationBrain.swift */ = {isa = PBXFileReference; lastKnownFileType = sourcecode.swift; path = RegistrationBrain.swift; sourceTree = "<group>"; };
		56C488332997D71600432046 /* ShadowModel.swift */ = {isa = PBXFileReference; lastKnownFileType = sourcecode.swift; path = ShadowModel.swift; sourceTree = "<group>"; };
		650901672997A5E600426D9F /* WinBrain.swift */ = {isa = PBXFileReference; lastKnownFileType = sourcecode.swift; path = WinBrain.swift; sourceTree = "<group>"; };
		8E0C07C829924FEA0023F20F /* rightAnswer.mp3 */ = {isa = PBXFileReference; lastKnownFileType = audio.mp3; path = rightAnswer.mp3; sourceTree = "<group>"; };
		8E0C07C929924FEB0023F20F /* timing.mp3 */ = {isa = PBXFileReference; lastKnownFileType = audio.mp3; path = timing.mp3; sourceTree = "<group>"; };
		8E0C07CA29924FEB0023F20F /* acceptedAnswer.mp3 */ = {isa = PBXFileReference; lastKnownFileType = audio.mp3; path = acceptedAnswer.mp3; sourceTree = "<group>"; };
		8E0C07CB29924FEB0023F20F /* win.mp3 */ = {isa = PBXFileReference; lastKnownFileType = audio.mp3; path = win.mp3; sourceTree = "<group>"; };
		8E0C07CC29924FEB0023F20F /* wrongAnswer.mp3 */ = {isa = PBXFileReference; lastKnownFileType = audio.mp3; path = wrongAnswer.mp3; sourceTree = "<group>"; };
		8E0C07D6299291DF0023F20F /* WiningViewController.swift */ = {isa = PBXFileReference; lastKnownFileType = sourcecode.swift; path = WiningViewController.swift; sourceTree = "<group>"; };
		8E0C07DA2992A2570023F20F /* WiningTableViewCell.swift */ = {isa = PBXFileReference; lastKnownFileType = sourcecode.swift; path = WiningTableViewCell.swift; sourceTree = "<group>"; };
		8E22FDA8298FE8BE0012A0D1 /* RulesViewController.swift */ = {isa = PBXFileReference; lastKnownFileType = sourcecode.swift; path = RulesViewController.swift; sourceTree = "<group>"; };
		8E6486F4299495FF00FD39F4 /* LoginViewController.swift */ = {isa = PBXFileReference; lastKnownFileType = sourcecode.swift; path = LoginViewController.swift; sourceTree = "<group>"; };
/* End PBXFileReference section */

/* Begin PBXFrameworksBuildPhase section */
		37DFF9A0298F1858005BA055 /* Frameworks */ = {
			isa = PBXFrameworksBuildPhase;
			buildActionMask = 2147483647;
			files = (
			);
			runOnlyForDeploymentPostprocessing = 0;
		};
/* End PBXFrameworksBuildPhase section */

/* Begin PBXGroup section */
		37DFF99A298F1858005BA055 = {
			isa = PBXGroup;
			children = (
				37DFF9A5298F1858005BA055 /* HWTBAM */,
				37DFF9A4298F1858005BA055 /* Products */,
			);
			sourceTree = "<group>";
		};
		37DFF9A4298F1858005BA055 /* Products */ = {
			isa = PBXGroup;
			children = (
				37DFF9A3298F1858005BA055 /* HWTBAM.app */,
			);
			name = Products;
			sourceTree = "<group>";
		};
		37DFF9A5298F1858005BA055 /* HWTBAM */ = {
			isa = PBXGroup;
			children = (
				542BA841299534700017C36A /* Modules */,
				37DFF9BC298F1960005BA055 /* Models */,
				542BA82D299506840017C36A /* Managers */,
				542BA8342995070A0017C36A /* Services */,
				37DFF9BA298F1948005BA055 /* App */,
				37DFF9BB298F1953005BA055 /* Resources */,
				168B929B2997B65C00FC4748 /* TimerView.swift */,
			);
			path = HWTBAM;
			sourceTree = "<group>";
		};
		37DFF9BA298F1948005BA055 /* App */ = {
			isa = PBXGroup;
			children = (
				37DFF9A6298F1858005BA055 /* AppDelegate.swift */,
				37DFF9A8298F1858005BA055 /* SceneDelegate.swift */,
			);
			path = App;
			sourceTree = "<group>";
		};
		37DFF9BB298F1953005BA055 /* Resources */ = {
			isa = PBXGroup;
			children = (
				540FDB7D2998EF5C00CEBFB1 /* Assets.xcassets */,
				3784E83E2992FAE4004F8235 /* Theme.swift */,
				37DFF9B1298F1859005BA055 /* LaunchScreen.storyboard */,
				37DFF9B4298F1859005BA055 /* Info.plist */,
				8E0C07C929924FEB0023F20F /* timing.mp3 */,
				8E0C07CA29924FEB0023F20F /* acceptedAnswer.mp3 */,
				8E0C07C829924FEA0023F20F /* rightAnswer.mp3 */,
				8E0C07CC29924FEB0023F20F /* wrongAnswer.mp3 */,
				37BF94B12996E70A008AC727 /* Hint Chosen.mp3 */,
				37BF94B32996E73F008AC727 /* Button Push.mp3 */,
				37BF94B72996F2A7008AC727 /* timingAfter.mp3 */,
				37BF94B52996E74B008AC727 /* StartSound.mp3 */,
				37BF94AD2996E6BA008AC727 /* 50-50.mp3 */,
				37BF94AF2996E6F4008AC727 /* Rules Music.mp3 */,
				8E0C07CB29924FEB0023F20F /* win.mp3 */,
			);
			path = Resources;
			sourceTree = "<group>";
		};
		37DFF9BC298F1960005BA055 /* Models */ = {
			isa = PBXGroup;
			children = (
				56C488332997D71600432046 /* ShadowModel.swift */,
			);
			path = Models;
			sourceTree = "<group>";
		};
		5402AC7A2997D77400FCE9A3 /* Result */ = {
			isa = PBXGroup;
			children = (
				5402AC7E2997E90D00FCE9A3 /* Controller */,
				5402AC7D2997E90600FCE9A3 /* Models */,
			);
			path = Result;
			sourceTree = "<group>";
		};
		5402AC7D2997E90600FCE9A3 /* Models */ = {
			isa = PBXGroup;
			children = (
				5402AC7F2997E92300FCE9A3 /* ResultModel.swift */,
			);
			path = Models;
			sourceTree = "<group>";
		};
		5402AC7E2997E90D00FCE9A3 /* Controller */ = {
			isa = PBXGroup;
			children = (
				5402AC7B2997D78700FCE9A3 /* ResultViewController.swift */,
			);
			path = Controller;
			sourceTree = "<group>";
		};
		540FDB6F2998E76400CEBFB1 /* Start */ = {
			isa = PBXGroup;
			children = (
				540FDB702998E76B00CEBFB1 /* Controller */,
			);
			path = Start;
			sourceTree = "<group>";
		};
		540FDB702998E76B00CEBFB1 /* Controller */ = {
			isa = PBXGroup;
			children = (
				37DFF9AA298F1858005BA055 /* StartViewController.swift */,
			);
			path = Controller;
			sourceTree = "<group>";
		};
		540FDB712998E77800CEBFB1 /* Lose */ = {
			isa = PBXGroup;
			children = (
				540FDB722998E78000CEBFB1 /* Controller */,
			);
			path = Lose;
			sourceTree = "<group>";
		};
		540FDB722998E78000CEBFB1 /* Controller */ = {
			isa = PBXGroup;
			children = (
				2C472EC52994336100A05091 /* LoseScreenViewController.swift */,
			);
			path = Controller;
			sourceTree = "<group>";
		};
		540FDB732998E79E00CEBFB1 /* Rules */ = {
			isa = PBXGroup;
			children = (
				540FDB7C2998E87800CEBFB1 /* Models */,
				540FDB742998E7A400CEBFB1 /* Controller */,
			);
			path = Rules;
			sourceTree = "<group>";
		};
		540FDB742998E7A400CEBFB1 /* Controller */ = {
			isa = PBXGroup;
			children = (
				8E22FDA8298FE8BE0012A0D1 /* RulesViewController.swift */,
			);
			path = Controller;
			sourceTree = "<group>";
		};
		540FDB752998E7AF00CEBFB1 /* Winning */ = {
			isa = PBXGroup;
			children = (
				540FDB7B2998E85E00CEBFB1 /* Views */,
				540FDB792998E80100CEBFB1 /* Models */,
				540FDB762998E7B600CEBFB1 /* Controller */,
			);
			path = Winning;
			sourceTree = "<group>";
		};
		540FDB762998E7B600CEBFB1 /* Controller */ = {
			isa = PBXGroup;
			children = (
				8E0C07D6299291DF0023F20F /* WiningViewController.swift */,
			);
			path = Controller;
			sourceTree = "<group>";
		};
		540FDB772998E7C000CEBFB1 /* HallHelp */ = {
			isa = PBXGroup;
			children = (
				540FDB782998E7C600CEBFB1 /* Controller */,
			);
			path = HallHelp;
			sourceTree = "<group>";
		};
		540FDB782998E7C600CEBFB1 /* Controller */ = {
			isa = PBXGroup;
			children = (
				542BA8282994F1910017C36A /* HallHelpViewController.swift */,
			);
			path = Controller;
			sourceTree = "<group>";
		};
		540FDB792998E80100CEBFB1 /* Models */ = {
			isa = PBXGroup;
			children = (
				3784E8402992FEEE004F8235 /* PlayerAnswer.swift */,
				650901672997A5E600426D9F /* WinBrain.swift */,
				3784E83C2992EFCD004F8235 /* WinModel.swift */,
			);
			path = Models;
			sourceTree = "<group>";
		};
		540FDB7A2998E83500CEBFB1 /* Models */ = {
			isa = PBXGroup;
			children = (
				542BA83F29952E2A0017C36A /* RegistrationBrain.swift */,
			);
			path = Models;
			sourceTree = "<group>";
		};
		540FDB7B2998E85E00CEBFB1 /* Views */ = {
			isa = PBXGroup;
			children = (
				8E0C07DA2992A2570023F20F /* WiningTableViewCell.swift */,
			);
			path = Views;
			sourceTree = "<group>";
		};
		540FDB7C2998E87800CEBFB1 /* Models */ = {
			isa = PBXGroup;
			children = (
				3784E83A299195E8004F8235 /* Rules.swift */,
			);
			path = Models;
			sourceTree = "<group>";
		};
		542BA81F2994EDC40017C36A /* Models */ = {
			isa = PBXGroup;
			children = (
				542BA8202994EDDF0017C36A /* MainGameBrain.swift */,
				542BA8222994EDEB0017C36A /* HallHelpModel.swift */,
				542BA8242994EE000017C36A /* QuestionMulti.swift */,
				37BF94AB2996E4E0008AC727 /* MusicModel.swift */,
				5402AC782997B23500FCE9A3 /* UsedPrompts.swift */,
				5402AC812997F73100FCE9A3 /* LoseViewModel.swift */,
				5402AC83299823D100FCE9A3 /* LogicMeneger.swift */,
			);
			path = Models;
			sourceTree = "<group>";
		};
		542BA82D299506840017C36A /* Managers */ = {
			isa = PBXGroup;
			children = (
				542BA832299506DB0017C36A /* UserService.swift */,
			);
			path = Managers;
			sourceTree = "<group>";
		};
		542BA8342995070A0017C36A /* Services */ = {
			isa = PBXGroup;
			children = (
				542BA835299507120017C36A /* Protocols */,
				542BA836299507190017C36A /* Implementation */,
			);
			path = Services;
			sourceTree = "<group>";
		};
		542BA835299507120017C36A /* Protocols */ = {
			isa = PBXGroup;
			children = (
				542BA837299507300017C36A /* KeyValueStorage.swift */,
			);
			path = Protocols;
			sourceTree = "<group>";
		};
		542BA836299507190017C36A /* Implementation */ = {
			isa = PBXGroup;
			children = (
				542BA839299507610017C36A /* SharedStorage.swift */,
			);
			path = Implementation;
			sourceTree = "<group>";
		};
		542BA841299534700017C36A /* Modules */ = {
			isa = PBXGroup;
			children = (
				540FDB6F2998E76400CEBFB1 /* Start */,
				542BA8482995366A0017C36A /* Registration */,
				542BA8462995362F0017C36A /* Login */,
				542BA845299534980017C36A /* MainGame */,
				540FDB732998E79E00CEBFB1 /* Rules */,
				540FDB752998E7AF00CEBFB1 /* Winning */,
				540FDB712998E77800CEBFB1 /* Lose */,
				5402AC7A2997D77400FCE9A3 /* Result */,
				540FDB772998E7C000CEBFB1 /* HallHelp */,
			);
			path = Modules;
			sourceTree = "<group>";
		};
		542BA842299534790017C36A /* Controller */ = {
			isa = PBXGroup;
			children = (
				542BA8262994EEFE0017C36A /* MainGameViewController.swift */,
			);
			path = Controller;
			sourceTree = "<group>";
		};
		542BA843299534860017C36A /* Models */ = {
			isa = PBXGroup;
			children = (
				542BA82E2995069D0017C36A /* UserStruct.swift */,
				542BA83D29952E0C0017C36A /* LoginBrain.swift */,
			);
			path = Models;
			sourceTree = "<group>";
		};
		542BA8442995348E0017C36A /* Views */ = {
			isa = PBXGroup;
			children = (
			);
			path = Views;
			sourceTree = "<group>";
		};
		542BA845299534980017C36A /* MainGame */ = {
			isa = PBXGroup;
			children = (
				542BA842299534790017C36A /* Controller */,
				542BA8442995348E0017C36A /* Views */,
				542BA81F2994EDC40017C36A /* Models */,
			);
			path = MainGame;
			sourceTree = "<group>";
		};
		542BA8462995362F0017C36A /* Login */ = {
			isa = PBXGroup;
			children = (
				542BA8472995364F0017C36A /* Controller */,
				542BA843299534860017C36A /* Models */,
			);
			path = Login;
			sourceTree = "<group>";
		};
		542BA8472995364F0017C36A /* Controller */ = {
			isa = PBXGroup;
			children = (
				8E6486F4299495FF00FD39F4 /* LoginViewController.swift */,
			);
			path = Controller;
			sourceTree = "<group>";
		};
		542BA8482995366A0017C36A /* Registration */ = {
			isa = PBXGroup;
			children = (
				542BA8492995367A0017C36A /* Controller */,
				540FDB7A2998E83500CEBFB1 /* Models */,
			);
			path = Registration;
			sourceTree = "<group>";
		};
		542BA8492995367A0017C36A /* Controller */ = {
			isa = PBXGroup;
			children = (
				542BA82A2995010E0017C36A /* RegistrationViewController.swift */,
			);
			path = Controller;
			sourceTree = "<group>";
		};
/* End PBXGroup section */

/* Begin PBXNativeTarget section */
		37DFF9A2298F1858005BA055 /* HWTBAM */ = {
			isa = PBXNativeTarget;
			buildConfigurationList = 37DFF9B7298F1859005BA055 /* Build configuration list for PBXNativeTarget "HWTBAM" */;
			buildPhases = (
				37DFF99F298F1858005BA055 /* Sources */,
				37DFF9A0298F1858005BA055 /* Frameworks */,
				37DFF9A1298F1858005BA055 /* Resources */,
			);
			buildRules = (
			);
			dependencies = (
			);
			name = HWTBAM;
			productName = HWTBAM;
			productReference = 37DFF9A3298F1858005BA055 /* HWTBAM.app */;
			productType = "com.apple.product-type.application";
		};
/* End PBXNativeTarget section */

/* Begin PBXProject section */
		37DFF99B298F1858005BA055 /* Project object */ = {
			isa = PBXProject;
			attributes = {
				BuildIndependentTargetsInParallel = 1;
				LastSwiftUpdateCheck = 1420;
				LastUpgradeCheck = 1420;
				TargetAttributes = {
					37DFF9A2298F1858005BA055 = {
						CreatedOnToolsVersion = 14.2;
					};
				};
			};
			buildConfigurationList = 37DFF99E298F1858005BA055 /* Build configuration list for PBXProject "HWTBAM" */;
			compatibilityVersion = "Xcode 14.0";
			developmentRegion = en;
			hasScannedForEncodings = 0;
			knownRegions = (
				en,
				Base,
			);
			mainGroup = 37DFF99A298F1858005BA055;
			productRefGroup = 37DFF9A4298F1858005BA055 /* Products */;
			projectDirPath = "";
			projectRoot = "";
			targets = (
				37DFF9A2298F1858005BA055 /* HWTBAM */,
			);
		};
/* End PBXProject section */

/* Begin PBXResourcesBuildPhase section */
		37DFF9A1298F1858005BA055 /* Resources */ = {
			isa = PBXResourcesBuildPhase;
			buildActionMask = 2147483647;
			files = (
				8E0C07CE29924FEB0023F20F /* timing.mp3 in Resources */,
				8E0C07D129924FEB0023F20F /* wrongAnswer.mp3 in Resources */,
				37DFF9B3298F1859005BA055 /* LaunchScreen.storyboard in Resources */,
				37BF94B62996E74B008AC727 /* StartSound.mp3 in Resources */,
				37BF94B02996E6F4008AC727 /* Rules Music.mp3 in Resources */,
				37BF94B82996F2A7008AC727 /* timingAfter.mp3 in Resources */,
				540FDB7E2998EF5D00CEBFB1 /* Assets.xcassets in Resources */,
				37BF94B22996E70A008AC727 /* Hint Chosen.mp3 in Resources */,
				37BF94B42996E73F008AC727 /* Button Push.mp3 in Resources */,
				8E0C07D029924FEB0023F20F /* win.mp3 in Resources */,
				8E0C07CD29924FEB0023F20F /* rightAnswer.mp3 in Resources */,
				37BF94AE2996E6BA008AC727 /* 50-50.mp3 in Resources */,
				8E0C07CF29924FEB0023F20F /* acceptedAnswer.mp3 in Resources */,
			);
			runOnlyForDeploymentPostprocessing = 0;
		};
/* End PBXResourcesBuildPhase section */

/* Begin PBXSourcesBuildPhase section */
		37DFF99F298F1858005BA055 /* Sources */ = {
			isa = PBXSourcesBuildPhase;
			buildActionMask = 2147483647;
			files = (
				8E6486F5299495FF00FD39F4 /* LoginViewController.swift in Sources */,
				3784E8412992FEEE004F8235 /* PlayerAnswer.swift in Sources */,
				37BF94AC2996E4E0008AC727 /* MusicModel.swift in Sources */,
				5402AC822997F73100FCE9A3 /* LoseViewModel.swift in Sources */,
				56C488342997D71600432046 /* ShadowModel.swift in Sources */,
				542BA8292994F1910017C36A /* HallHelpViewController.swift in Sources */,
				542BA838299507300017C36A /* KeyValueStorage.swift in Sources */,
				37DFF9AB298F1858005BA055 /* StartViewController.swift in Sources */,
				542BA8272994EEFE0017C36A /* MainGameViewController.swift in Sources */,
				542BA8212994EDDF0017C36A /* MainGameBrain.swift in Sources */,
				37DFF9A7298F1858005BA055 /* AppDelegate.swift in Sources */,
				542BA833299506DB0017C36A /* UserService.swift in Sources */,
				8E22FDA9298FE8BE0012A0D1 /* RulesViewController.swift in Sources */,
				542BA83A299507610017C36A /* SharedStorage.swift in Sources */,
				542BA83E29952E0C0017C36A /* LoginBrain.swift in Sources */,
				8E0C07DB2992A2570023F20F /* WiningTableViewCell.swift in Sources */,
				650901682997A5E600426D9F /* WinBrain.swift in Sources */,
				37DFF9A9298F1858005BA055 /* SceneDelegate.swift in Sources */,
				542BA8232994EDEB0017C36A /* HallHelpModel.swift in Sources */,
				3784E83B299195E8004F8235 /* Rules.swift in Sources */,
				5402AC792997B23500FCE9A3 /* UsedPrompts.swift in Sources */,
				3784E83F2992FAE4004F8235 /* Theme.swift in Sources */,
				542BA82B2995010E0017C36A /* RegistrationViewController.swift in Sources */,
				542BA8252994EE000017C36A /* QuestionMulti.swift in Sources */,
				3784E83D2992EFCD004F8235 /* WinModel.swift in Sources */,
				168B929C2997B65C00FC4748 /* TimerView.swift in Sources */,
				542BA82F2995069D0017C36A /* UserStruct.swift in Sources */,
				542BA84029952E2A0017C36A /* RegistrationBrain.swift in Sources */,
				5402AC802997E92300FCE9A3 /* ResultModel.swift in Sources */,
				5402AC7C2997D78700FCE9A3 /* ResultViewController.swift in Sources */,
				2C472EC62994336100A05091 /* LoseScreenViewController.swift in Sources */,
				5402AC84299823D100FCE9A3 /* LogicMeneger.swift in Sources */,
				8E0C07D7299291DF0023F20F /* WiningViewController.swift in Sources */,
			);
			runOnlyForDeploymentPostprocessing = 0;
		};
/* End PBXSourcesBuildPhase section */

/* Begin PBXVariantGroup section */
		37DFF9B1298F1859005BA055 /* LaunchScreen.storyboard */ = {
			isa = PBXVariantGroup;
			children = (
				37DFF9B2298F1859005BA055 /* Base */,
			);
			name = LaunchScreen.storyboard;
			sourceTree = "<group>";
		};
/* End PBXVariantGroup section */

/* Begin XCBuildConfiguration section */
		37DFF9B5298F1859005BA055 /* Debug */ = {
			isa = XCBuildConfiguration;
			buildSettings = {
				ALWAYS_SEARCH_USER_PATHS = NO;
				CLANG_ANALYZER_NONNULL = YES;
				CLANG_ANALYZER_NUMBER_OBJECT_CONVERSION = YES_AGGRESSIVE;
				CLANG_CXX_LANGUAGE_STANDARD = "gnu++20";
				CLANG_ENABLE_MODULES = YES;
				CLANG_ENABLE_OBJC_ARC = YES;
				CLANG_ENABLE_OBJC_WEAK = YES;
				CLANG_WARN_BLOCK_CAPTURE_AUTORELEASING = YES;
				CLANG_WARN_BOOL_CONVERSION = YES;
				CLANG_WARN_COMMA = YES;
				CLANG_WARN_CONSTANT_CONVERSION = YES;
				CLANG_WARN_DEPRECATED_OBJC_IMPLEMENTATIONS = YES;
				CLANG_WARN_DIRECT_OBJC_ISA_USAGE = YES_ERROR;
				CLANG_WARN_DOCUMENTATION_COMMENTS = YES;
				CLANG_WARN_EMPTY_BODY = YES;
				CLANG_WARN_ENUM_CONVERSION = YES;
				CLANG_WARN_INFINITE_RECURSION = YES;
				CLANG_WARN_INT_CONVERSION = YES;
				CLANG_WARN_NON_LITERAL_NULL_CONVERSION = YES;
				CLANG_WARN_OBJC_IMPLICIT_RETAIN_SELF = YES;
				CLANG_WARN_OBJC_LITERAL_CONVERSION = YES;
				CLANG_WARN_OBJC_ROOT_CLASS = YES_ERROR;
				CLANG_WARN_QUOTED_INCLUDE_IN_FRAMEWORK_HEADER = YES;
				CLANG_WARN_RANGE_LOOP_ANALYSIS = YES;
				CLANG_WARN_STRICT_PROTOTYPES = YES;
				CLANG_WARN_SUSPICIOUS_MOVE = YES;
				CLANG_WARN_UNGUARDED_AVAILABILITY = YES_AGGRESSIVE;
				CLANG_WARN_UNREACHABLE_CODE = YES;
				CLANG_WARN__DUPLICATE_METHOD_MATCH = YES;
				COPY_PHASE_STRIP = NO;
				DEBUG_INFORMATION_FORMAT = dwarf;
				ENABLE_STRICT_OBJC_MSGSEND = YES;
				ENABLE_TESTABILITY = YES;
				GCC_C_LANGUAGE_STANDARD = gnu11;
				GCC_DYNAMIC_NO_PIC = NO;
				GCC_NO_COMMON_BLOCKS = YES;
				GCC_OPTIMIZATION_LEVEL = 0;
				GCC_PREPROCESSOR_DEFINITIONS = (
					"DEBUG=1",
					"$(inherited)",
				);
				GCC_WARN_64_TO_32_BIT_CONVERSION = YES;
				GCC_WARN_ABOUT_RETURN_TYPE = YES_ERROR;
				GCC_WARN_UNDECLARED_SELECTOR = YES;
				GCC_WARN_UNINITIALIZED_AUTOS = YES_AGGRESSIVE;
				GCC_WARN_UNUSED_FUNCTION = YES;
				GCC_WARN_UNUSED_VARIABLE = YES;
				IPHONEOS_DEPLOYMENT_TARGET = 13.0;
				MTL_ENABLE_DEBUG_INFO = INCLUDE_SOURCE;
				MTL_FAST_MATH = YES;
				ONLY_ACTIVE_ARCH = YES;
				SDKROOT = iphoneos;
				SWIFT_ACTIVE_COMPILATION_CONDITIONS = DEBUG;
				SWIFT_OPTIMIZATION_LEVEL = "-Onone";
			};
			name = Debug;
		};
		37DFF9B6298F1859005BA055 /* Release */ = {
			isa = XCBuildConfiguration;
			buildSettings = {
				ALWAYS_SEARCH_USER_PATHS = NO;
				CLANG_ANALYZER_NONNULL = YES;
				CLANG_ANALYZER_NUMBER_OBJECT_CONVERSION = YES_AGGRESSIVE;
				CLANG_CXX_LANGUAGE_STANDARD = "gnu++20";
				CLANG_ENABLE_MODULES = YES;
				CLANG_ENABLE_OBJC_ARC = YES;
				CLANG_ENABLE_OBJC_WEAK = YES;
				CLANG_WARN_BLOCK_CAPTURE_AUTORELEASING = YES;
				CLANG_WARN_BOOL_CONVERSION = YES;
				CLANG_WARN_COMMA = YES;
				CLANG_WARN_CONSTANT_CONVERSION = YES;
				CLANG_WARN_DEPRECATED_OBJC_IMPLEMENTATIONS = YES;
				CLANG_WARN_DIRECT_OBJC_ISA_USAGE = YES_ERROR;
				CLANG_WARN_DOCUMENTATION_COMMENTS = YES;
				CLANG_WARN_EMPTY_BODY = YES;
				CLANG_WARN_ENUM_CONVERSION = YES;
				CLANG_WARN_INFINITE_RECURSION = YES;
				CLANG_WARN_INT_CONVERSION = YES;
				CLANG_WARN_NON_LITERAL_NULL_CONVERSION = YES;
				CLANG_WARN_OBJC_IMPLICIT_RETAIN_SELF = YES;
				CLANG_WARN_OBJC_LITERAL_CONVERSION = YES;
				CLANG_WARN_OBJC_ROOT_CLASS = YES_ERROR;
				CLANG_WARN_QUOTED_INCLUDE_IN_FRAMEWORK_HEADER = YES;
				CLANG_WARN_RANGE_LOOP_ANALYSIS = YES;
				CLANG_WARN_STRICT_PROTOTYPES = YES;
				CLANG_WARN_SUSPICIOUS_MOVE = YES;
				CLANG_WARN_UNGUARDED_AVAILABILITY = YES_AGGRESSIVE;
				CLANG_WARN_UNREACHABLE_CODE = YES;
				CLANG_WARN__DUPLICATE_METHOD_MATCH = YES;
				COPY_PHASE_STRIP = NO;
				DEBUG_INFORMATION_FORMAT = "dwarf-with-dsym";
				ENABLE_NS_ASSERTIONS = NO;
				ENABLE_STRICT_OBJC_MSGSEND = YES;
				GCC_C_LANGUAGE_STANDARD = gnu11;
				GCC_NO_COMMON_BLOCKS = YES;
				GCC_WARN_64_TO_32_BIT_CONVERSION = YES;
				GCC_WARN_ABOUT_RETURN_TYPE = YES_ERROR;
				GCC_WARN_UNDECLARED_SELECTOR = YES;
				GCC_WARN_UNINITIALIZED_AUTOS = YES_AGGRESSIVE;
				GCC_WARN_UNUSED_FUNCTION = YES;
				GCC_WARN_UNUSED_VARIABLE = YES;
				IPHONEOS_DEPLOYMENT_TARGET = 13.0;
				MTL_ENABLE_DEBUG_INFO = NO;
				MTL_FAST_MATH = YES;
				SDKROOT = iphoneos;
				SWIFT_COMPILATION_MODE = wholemodule;
				SWIFT_OPTIMIZATION_LEVEL = "-O";
				VALIDATE_PRODUCT = YES;
			};
			name = Release;
		};
		37DFF9B8298F1859005BA055 /* Debug */ = {
			isa = XCBuildConfiguration;
			buildSettings = {
				ASSETCATALOG_COMPILER_APPICON_NAME = AppIcon;
				ASSETCATALOG_COMPILER_GLOBAL_ACCENT_COLOR_NAME = AccentColor;
				CODE_SIGN_IDENTITY = "Apple Development";
				CODE_SIGN_STYLE = Automatic;
				CURRENT_PROJECT_VERSION = 1;
				DEVELOPMENT_TEAM = "";
				GENERATE_INFOPLIST_FILE = YES;
				INFOPLIST_FILE = HWTBAM/Resources/Info.plist;
				INFOPLIST_KEY_UIApplicationSupportsIndirectInputEvents = YES;
				INFOPLIST_KEY_UILaunchStoryboardName = LaunchScreen;
				INFOPLIST_KEY_UISupportedInterfaceOrientations_iPad = "UIInterfaceOrientationPortrait UIInterfaceOrientationPortraitUpsideDown UIInterfaceOrientationLandscapeLeft UIInterfaceOrientationLandscapeRight";
				INFOPLIST_KEY_UISupportedInterfaceOrientations_iPhone = "UIInterfaceOrientationPortrait UIInterfaceOrientationLandscapeLeft UIInterfaceOrientationLandscapeRight";
				IPHONEOS_DEPLOYMENT_TARGET = 13.0;
				LD_RUNPATH_SEARCH_PATHS = (
					"$(inherited)",
					"@executable_path/Frameworks",
				);
				MARKETING_VERSION = 1.0;
				PRODUCT_BUNDLE_IDENTIFIER = com.qewhouse.HWTBAM;
				PRODUCT_NAME = "$(TARGET_NAME)";
				PROVISIONING_PROFILE_SPECIFIER = "";
				SUPPORTED_PLATFORMS = "iphoneos iphonesimulator";
				SUPPORTS_MACCATALYST = NO;
				SUPPORTS_MAC_DESIGNED_FOR_IPHONE_IPAD = NO;
				SWIFT_EMIT_LOC_STRINGS = YES;
				SWIFT_VERSION = 5.0;
				TARGETED_DEVICE_FAMILY = 1;
			};
			name = Debug;
		};
		37DFF9B9298F1859005BA055 /* Release */ = {
			isa = XCBuildConfiguration;
			buildSettings = {
				ASSETCATALOG_COMPILER_APPICON_NAME = AppIcon;
				ASSETCATALOG_COMPILER_GLOBAL_ACCENT_COLOR_NAME = AccentColor;
				CODE_SIGN_IDENTITY = "Apple Development";
				CODE_SIGN_STYLE = Automatic;
				CURRENT_PROJECT_VERSION = 1;
				DEVELOPMENT_TEAM = "";
				GENERATE_INFOPLIST_FILE = YES;
				INFOPLIST_FILE = HWTBAM/Resources/Info.plist;
				INFOPLIST_KEY_UIApplicationSupportsIndirectInputEvents = YES;
				INFOPLIST_KEY_UILaunchStoryboardName = LaunchScreen;
				INFOPLIST_KEY_UISupportedInterfaceOrientations_iPad = "UIInterfaceOrientationPortrait UIInterfaceOrientationPortraitUpsideDown UIInterfaceOrientationLandscapeLeft UIInterfaceOrientationLandscapeRight";
				INFOPLIST_KEY_UISupportedInterfaceOrientations_iPhone = "UIInterfaceOrientationPortrait UIInterfaceOrientationLandscapeLeft UIInterfaceOrientationLandscapeRight";
				IPHONEOS_DEPLOYMENT_TARGET = 13.0;
				LD_RUNPATH_SEARCH_PATHS = (
					"$(inherited)",
					"@executable_path/Frameworks",
				);
				MARKETING_VERSION = 1.0;
				PRODUCT_BUNDLE_IDENTIFIER = com.qewhouse.HWTBAM;
				PRODUCT_NAME = "$(TARGET_NAME)";
				PROVISIONING_PROFILE_SPECIFIER = "";
				SUPPORTED_PLATFORMS = "iphoneos iphonesimulator";
				SUPPORTS_MACCATALYST = NO;
				SUPPORTS_MAC_DESIGNED_FOR_IPHONE_IPAD = NO;
				SWIFT_EMIT_LOC_STRINGS = YES;
				SWIFT_VERSION = 5.0;
				TARGETED_DEVICE_FAMILY = 1;
			};
			name = Release;
		};
/* End XCBuildConfiguration section */

/* Begin XCConfigurationList section */
		37DFF99E298F1858005BA055 /* Build configuration list for PBXProject "HWTBAM" */ = {
			isa = XCConfigurationList;
			buildConfigurations = (
				37DFF9B5298F1859005BA055 /* Debug */,
				37DFF9B6298F1859005BA055 /* Release */,
			);
			defaultConfigurationIsVisible = 0;
			defaultConfigurationName = Release;
		};
		37DFF9B7298F1859005BA055 /* Build configuration list for PBXNativeTarget "HWTBAM" */ = {
			isa = XCConfigurationList;
			buildConfigurations = (
				37DFF9B8298F1859005BA055 /* Debug */,
				37DFF9B9298F1859005BA055 /* Release */,
			);
			defaultConfigurationIsVisible = 0;
			defaultConfigurationName = Release;
		};
/* End XCConfigurationList section */
	};
	rootObject = 37DFF99B298F1858005BA055 /* Project object */;
}
